
Microsoft Visual Studio Solution File, Format Version 12.00
# Visual Studio Version 16
VisualStudioVersion = 16.0.30717.126
MinimumVisualStudioVersion = 10.0.40219.1
Project("{9A19103F-16F7-4668-BE54-9A1E7A4F7556}") = "Client-Test", "Client-Test\Client-Test.csproj", "{DE77CE0B-2B0C-47B6-A82F-C2BE8D70FBD5}"
EndProject
Project("{9A19103F-16F7-4668-BE54-9A1E7A4F7556}") = "Server-Test", "Server-Test\Server-Test.csproj", "{3810CDBE-0F33-4418-B906-B03ED5A5484D}"
EndProject
Project("{FAE04EC0-301F-11D3-BF4B-00C04F79EFBC}") = "server", "server\server.csproj", "{9645040E-8427-4FD0-9544-7DEB5923A1A5}"
EndProject
Global
	GlobalSection(SolutionConfigurationPlatforms) = preSolution
		Debug|Any CPU = Debug|Any CPU
		Release|Any CPU = Release|Any CPU
	EndGlobalSection
	GlobalSection(ProjectConfigurationPlatforms) = postSolution
		{DE77CE0B-2B0C-47B6-A82F-C2BE8D70FBD5}.Debug|Any CPU.ActiveCfg = Debug|Any CPU
		{DE77CE0B-2B0C-47B6-A82F-C2BE8D70FBD5}.Debug|Any CPU.Build.0 = Debug|Any CPU
		{DE77CE0B-2B0C-47B6-A82F-C2BE8D70FBD5}.Release|Any CPU.ActiveCfg = Release|Any CPU
		{DE77CE0B-2B0C-47B6-A82F-C2BE8D70FBD5}.Release|Any CPU.Build.0 = Release|Any CPU
		{3810CDBE-0F33-4418-B906-B03ED5A5484D}.Debug|Any CPU.ActiveCfg = Debug|Any CPU
		{3810CDBE-0F33-4418-B906-B03ED5A5484D}.Debug|Any CPU.Build.0 = Debug|Any CPU
		{3810CDBE-0F33-4418-B906-B03ED5A5484D}.Release|Any CPU.ActiveCfg = Release|Any CPU
		{3810CDBE-0F33-4418-B906-B03ED5A5484D}.Release|Any CPU.Build.0 = Release|Any CPU
		{9645040E-8427-4FD0-9544-7DEB5923A1A5}.Debug|Any CPU.ActiveCfg = Debug|Any CPU
		{9645040E-8427-4FD0-9544-7DEB5923A1A5}.Debug|Any CPU.Build.0 = Debug|Any CPU
		{9645040E-8427-4FD0-9544-7DEB5923A1A5}.Release|Any CPU.ActiveCfg = Release|Any CPU
		{9645040E-8427-4FD0-9544-7DEB5923A1A5}.Release|Any CPU.Build.0 = Release|Any CPU
	EndGlobalSection
	GlobalSection(SolutionProperties) = preSolution
		HideSolutionNode = FALSE
	EndGlobalSection
	GlobalSection(ExtensibilityGlobals) = postSolution
		SolutionGuid = {A660CFD4-8643-4484-A5B0-24074A6F5E28}
	EndGlobalSection
EndGlobal
