
Microsoft Visual Studio Solution File, Format Version 12.00
# Visual Studio Version 16
VisualStudioVersion = 16.0.31005.135
MinimumVisualStudioVersion = 10.0.40219.1
Project("{FAE04EC0-301F-11D3-BF4B-00C04F79EFBC}") = "Client", "ConsoleApp3\Client.csproj", "{D5AE31D8-6CF5-4A3E-B643-0CBF1540B3F5}"
EndProject
Project("{FAE04EC0-301F-11D3-BF4B-00C04F79EFBC}") = "Server", "Server\Server.csproj", "{38FBBBAC-F0C2-41C3-83D5-2D92D80C8ED6}"
EndProject
Project("{FAE04EC0-301F-11D3-BF4B-00C04F79EFBC}") = "EncodeTest", "EncodeTest\EncodeTest.csproj", "{6887408F-1018-46D9-861B-FAE21DB132BB}"
EndProject
Global
	GlobalSection(SolutionConfigurationPlatforms) = preSolution
		Debug|Any CPU = Debug|Any CPU
		Release|Any CPU = Release|Any CPU
	EndGlobalSection
	GlobalSection(ProjectConfigurationPlatforms) = postSolution
		{D5AE31D8-6CF5-4A3E-B643-0CBF1540B3F5}.Debug|Any CPU.ActiveCfg = Debug|Any CPU
		{D5AE31D8-6CF5-4A3E-B643-0CBF1540B3F5}.Debug|Any CPU.Build.0 = Debug|Any CPU
		{D5AE31D8-6CF5-4A3E-B643-0CBF1540B3F5}.Release|Any CPU.ActiveCfg = Release|Any CPU
		{D5AE31D8-6CF5-4A3E-B643-0CBF1540B3F5}.Release|Any CPU.Build.0 = Release|Any CPU
		{38FBBBAC-F0C2-41C3-83D5-2D92D80C8ED6}.Debug|Any CPU.ActiveCfg = Debug|Any CPU
		{38FBBBAC-F0C2-41C3-83D5-2D92D80C8ED6}.Debug|Any CPU.Build.0 = Debug|Any CPU
		{38FBBBAC-F0C2-41C3-83D5-2D92D80C8ED6}.Release|Any CPU.ActiveCfg = Release|Any CPU
		{38FBBBAC-F0C2-41C3-83D5-2D92D80C8ED6}.Release|Any CPU.Build.0 = Release|Any CPU
		{6887408F-1018-46D9-861B-FAE21DB132BB}.Debug|Any CPU.ActiveCfg = Debug|Any CPU
		{6887408F-1018-46D9-861B-FAE21DB132BB}.Debug|Any CPU.Build.0 = Debug|Any CPU
		{6887408F-1018-46D9-861B-FAE21DB132BB}.Release|Any CPU.ActiveCfg = Release|Any CPU
		{6887408F-1018-46D9-861B-FAE21DB132BB}.Release|Any CPU.Build.0 = Release|Any CPU
	EndGlobalSection
	GlobalSection(SolutionProperties) = preSolution
		HideSolutionNode = FALSE
	EndGlobalSection
	GlobalSection(ExtensibilityGlobals) = postSolution
		SolutionGuid = {C7D20146-839E-43BE-9DF6-5F16DE7BC91E}
	EndGlobalSection
EndGlobal
